{
  "name": "npm-proj-1703875356322-0.11613297358437324jvwDqg",
  "lockfileVersion": 2,
  "requires": true,
  "packages": {
    "": {
      "dependencies": {
        "@types/reflect-metadata": "^0.1.0",
        "reflect-metadata": "^0.1.14"
      }
    },
    "node_modules/@types/reflect-metadata": {
      "version": "0.1.0",
      "resolved": "https://registry.npmjs.org/@types/reflect-metadata/-/reflect-metadata-0.1.0.tgz",
      "integrity": "sha512-bXltFLY3qhzCnVYP5iUpeSICagQ8rc9K2liS+8M0lBcz54BHs3O6W5UvqespVSuebo1BXLi+/y9ioELAW9SC2A==",
      "deprecated": "This is a stub types definition for reflect-metadata (https://github.com/rbuckton/ReflectDecorators). reflect-metadata provides its own type definitions, so you don't need @types/reflect-metadata installed!",
      "dependencies": {
        "reflect-metadata": "*"
      }
    },
    "node_modules/reflect-metadata": {
      "version": "0.1.14",
      "resolved": "https://registry.npmjs.org/reflect-metadata/-/reflect-metadata-0.1.14.tgz",
      "integrity": "sha512-ZhYeb6nRaXCfhnndflDK8qI6ZQ/YcWZCISRAWICW9XYqMUwjZM9Z0DveWX/ABN01oxSHwVxKQmxeYZSsm0jh5A=="
    }
  },
  "dependencies": {
    "@types/reflect-metadata": {
      "version": "0.1.0",
      "resolved": "https://registry.npmjs.org/@types/reflect-metadata/-/reflect-metadata-0.1.0.tgz",
      "integrity": "sha512-bXltFLY3qhzCnVYP5iUpeSICagQ8rc9K2liS+8M0lBcz54BHs3O6W5UvqespVSuebo1BXLi+/y9ioELAW9SC2A==",
      "requires": {
        "reflect-metadata": "*"
      }
    },
    "reflect-metadata": {
      "version": "0.1.14",
      "resolved": "https://registry.npmjs.org/reflect-metadata/-/reflect-metadata-0.1.14.tgz",
      "integrity": "sha512-ZhYeb6nRaXCfhnndflDK8qI6ZQ/YcWZCISRAWICW9XYqMUwjZM9Z0DveWX/ABN01oxSHwVxKQmxeYZSsm0jh5A=="
    }
  }
}
